
Microsoft Visual Studio Solution File, Format Version 12.00
# Visual Studio Version 17
VisualStudioVersion = 17.6.33829.357
MinimumVisualStudioVersion = 10.0.40219.1
Project("{FAE04EC0-301F-11D3-BF4B-00C04F79EFBC}") = "PoliceStation", "PoliceStation.csproj", "{0FA22A27-0154-417E-87C8-A86775A2F3B9}"
EndProject
Global
	GlobalSection(SolutionConfigurationPlatforms) = preSolution
		Debug|Any CPU = Debug|Any CPU
		Release|Any CPU = Release|Any CPU
	EndGlobalSection
	GlobalSection(ProjectConfigurationPlatforms) = postSolution
		{0FA22A27-0154-417E-87C8-A86775A2F3B9}.Debug|Any CPU.ActiveCfg = Debug|Any CPU
		{0FA22A27-0154-417E-87C8-A86775A2F3B9}.Debug|Any CPU.Build.0 = Debug|Any CPU
		{0FA22A27-0154-417E-87C8-A86775A2F3B9}.Release|Any CPU.ActiveCfg = Release|Any CPU
		{0FA22A27-0154-417E-87C8-A86775A2F3B9}.Release|Any CPU.Build.0 = Release|Any CPU
	EndGlobalSection
	GlobalSection(SolutionProperties) = preSolution
		HideSolutionNode = FALSE
	EndGlobalSection
	GlobalSection(ExtensibilityGlobals) = postSolution
		SolutionGuid = {542FEF35-B87A-49CE-8C70-C7E041C6B58F}
	EndGlobalSection
EndGlobal
